// !$*UTF8*$!
{
	archiveVersion = 1;
	classes = {
	};
	objectVersion = 56;
	objects = {

/* Begin PBXBuildFile section */
		3C0460472BFB4AF400300139 /* ChatVC.swift in Sources */ = {isa = PBXBuildFile; fileRef = 3C0460462BFB4AF400300139 /* ChatVC.swift */; };
		3C196CD32BD1919300C866F8 /* AuthenticationService.swift in Sources */ = {isa = PBXBuildFile; fileRef = 3C196CD22BD1919300C866F8 /* AuthenticationService.swift */; };
		3C2BAD172C050A4100E7D17B /* MessageCell.swift in Sources */ = {isa = PBXBuildFile; fileRef = 3C2BAD162C050A4100E7D17B /* MessageCell.swift */; };
		3C3B48982BDC4158009EA582 /* JGProgressHUD in Frameworks */ = {isa = PBXBuildFile; productRef = 3C3B48972BDC4158009EA582 /* JGProgressHUD */; };
		3C4528122BB4AF8D001C7047 /* Extension.swift in Sources */ = {isa = PBXBuildFile; fileRef = 3C4528112BB4AF8D001C7047 /* Extension.swift */; };
		3C5166872BCD31E200D0B852 /* GoogleService-Info.plist in Resources */ = {isa = PBXBuildFile; fileRef = 3C5166862BCD31E200D0B852 /* GoogleService-Info.plist */; };
		3C51668A2BCD34DF00D0B852 /* FirebaseAnalytics in Frameworks */ = {isa = PBXBuildFile; productRef = 3C5166892BCD34DF00D0B852 /* FirebaseAnalytics */; };
		3C51668C2BCD34DF00D0B852 /* FirebaseAnalyticsOnDeviceConversion in Frameworks */ = {isa = PBXBuildFile; productRef = 3C51668B2BCD34DF00D0B852 /* FirebaseAnalyticsOnDeviceConversion */; };
		3C51668E2BCD34DF00D0B852 /* FirebaseAnalyticsSwift in Frameworks */ = {isa = PBXBuildFile; productRef = 3C51668D2BCD34DF00D0B852 /* FirebaseAnalyticsSwift */; };
		3C5166902BCD34DF00D0B852 /* FirebaseAnalyticsWithoutAdIdSupport in Frameworks */ = {isa = PBXBuildFile; productRef = 3C51668F2BCD34DF00D0B852 /* FirebaseAnalyticsWithoutAdIdSupport */; };
		3C5166922BCD34DF00D0B852 /* FirebaseAppCheck in Frameworks */ = {isa = PBXBuildFile; productRef = 3C5166912BCD34DF00D0B852 /* FirebaseAppCheck */; };
		3C5166942BCD34DF00D0B852 /* FirebaseAppDistribution-Beta in Frameworks */ = {isa = PBXBuildFile; productRef = 3C5166932BCD34DF00D0B852 /* FirebaseAppDistribution-Beta */; };
		3C5166962BCD34DF00D0B852 /* FirebaseAuth in Frameworks */ = {isa = PBXBuildFile; productRef = 3C5166952BCD34DF00D0B852 /* FirebaseAuth */; };
		3C5166982BCD34DF00D0B852 /* FirebaseAuthCombine-Community in Frameworks */ = {isa = PBXBuildFile; productRef = 3C5166972BCD34DF00D0B852 /* FirebaseAuthCombine-Community */; };
		3C51669A2BCD34DF00D0B852 /* FirebaseCrashlytics in Frameworks */ = {isa = PBXBuildFile; productRef = 3C5166992BCD34DF00D0B852 /* FirebaseCrashlytics */; };
		3C51669C2BCD34DF00D0B852 /* FirebaseDatabase in Frameworks */ = {isa = PBXBuildFile; productRef = 3C51669B2BCD34DF00D0B852 /* FirebaseDatabase */; };
		3C51669E2BCD34DF00D0B852 /* FirebaseDatabaseSwift in Frameworks */ = {isa = PBXBuildFile; productRef = 3C51669D2BCD34DF00D0B852 /* FirebaseDatabaseSwift */; };
		3C5166A02BCD34DF00D0B852 /* FirebaseDynamicLinks in Frameworks */ = {isa = PBXBuildFile; productRef = 3C51669F2BCD34DF00D0B852 /* FirebaseDynamicLinks */; };
		3C5166A22BCD34DF00D0B852 /* FirebaseFirestore in Frameworks */ = {isa = PBXBuildFile; productRef = 3C5166A12BCD34DF00D0B852 /* FirebaseFirestore */; };
		3C5166A42BCD34DF00D0B852 /* FirebaseFirestoreCombine-Community in Frameworks */ = {isa = PBXBuildFile; productRef = 3C5166A32BCD34DF00D0B852 /* FirebaseFirestoreCombine-Community */; };
		3C5166A62BCD34DF00D0B852 /* FirebaseFirestoreSwift in Frameworks */ = {isa = PBXBuildFile; productRef = 3C5166A52BCD34DF00D0B852 /* FirebaseFirestoreSwift */; };
		3C5166A82BCD34DF00D0B852 /* FirebaseFunctions in Frameworks */ = {isa = PBXBuildFile; productRef = 3C5166A72BCD34DF00D0B852 /* FirebaseFunctions */; };
		3C5166AA2BCD34DF00D0B852 /* FirebaseFunctionsCombine-Community in Frameworks */ = {isa = PBXBuildFile; productRef = 3C5166A92BCD34DF00D0B852 /* FirebaseFunctionsCombine-Community */; };
		3C5166AC2BCD34DF00D0B852 /* FirebaseInAppMessaging-Beta in Frameworks */ = {isa = PBXBuildFile; productRef = 3C5166AB2BCD34DF00D0B852 /* FirebaseInAppMessaging-Beta */; };
		3C5166AE2BCD34DF00D0B852 /* FirebaseInAppMessagingSwift-Beta in Frameworks */ = {isa = PBXBuildFile; productRef = 3C5166AD2BCD34DF00D0B852 /* FirebaseInAppMessagingSwift-Beta */; };
		3C5166B02BCD34DF00D0B852 /* FirebaseInstallations in Frameworks */ = {isa = PBXBuildFile; productRef = 3C5166AF2BCD34DF00D0B852 /* FirebaseInstallations */; };
		3C5166B22BCD34DF00D0B852 /* FirebaseMLModelDownloader in Frameworks */ = {isa = PBXBuildFile; productRef = 3C5166B12BCD34DF00D0B852 /* FirebaseMLModelDownloader */; };
		3C5166B42BCD34DF00D0B852 /* FirebaseMessaging in Frameworks */ = {isa = PBXBuildFile; productRef = 3C5166B32BCD34DF00D0B852 /* FirebaseMessaging */; };
		3C5166B62BCD34DF00D0B852 /* FirebasePerformance in Frameworks */ = {isa = PBXBuildFile; productRef = 3C5166B52BCD34DF00D0B852 /* FirebasePerformance */; };
		3C5166B82BCD34DF00D0B852 /* FirebaseRemoteConfig in Frameworks */ = {isa = PBXBuildFile; productRef = 3C5166B72BCD34DF00D0B852 /* FirebaseRemoteConfig */; };
		3C5166BA2BCD34DF00D0B852 /* FirebaseRemoteConfigSwift in Frameworks */ = {isa = PBXBuildFile; productRef = 3C5166B92BCD34DF00D0B852 /* FirebaseRemoteConfigSwift */; };
		3C5166BC2BCD34DF00D0B852 /* FirebaseStorage in Frameworks */ = {isa = PBXBuildFile; productRef = 3C5166BB2BCD34DF00D0B852 /* FirebaseStorage */; };
		3C5166BE2BCD34DF00D0B852 /* FirebaseStorageCombine-Community in Frameworks */ = {isa = PBXBuildFile; productRef = 3C5166BD2BCD34DF00D0B852 /* FirebaseStorageCombine-Community */; };
		3C52AC132BB5B6440012C1F6 /* AuthenticationView.swift in Sources */ = {isa = PBXBuildFile; fileRef = 3C52AC122BB5B6440012C1F6 /* AuthenticationView.swift */; };
		3C52AC172BB5BBAC0012C1F6 /* CustomTextField.swift in Sources */ = {isa = PBXBuildFile; fileRef = 3C52AC162BB5BBAC0012C1F6 /* CustomTextField.swift */; };
		3C60FC6C2BFA90E000665624 /* SDWebImage in Frameworks */ = {isa = PBXBuildFile; productRef = 3C60FC6B2BFA90E000665624 /* SDWebImage */; };
		3C60FC6E2BFA90E000665624 /* SDWebImageMapKit in Frameworks */ = {isa = PBXBuildFile; productRef = 3C60FC6D2BFA90E000665624 /* SDWebImageMapKit */; };
		3C7BE6C12BCBE9480096E5A0 /* RegisterViewModel .swift in Sources */ = {isa = PBXBuildFile; fileRef = 3C7BE6C02BCBE9480096E5A0 /* RegisterViewModel .swift */; };
		3C7C3F8F2BF76E7C00E5752D /* UserCell.swift in Sources */ = {isa = PBXBuildFile; fileRef = 3C7C3F8E2BF76E7C00E5752D /* UserCell.swift */; };
		3C8263562BD91CC1004068C0 /* HomeVC.swift in Sources */ = {isa = PBXBuildFile; fileRef = 3C8263552BD91CC1004068C0 /* HomeVC.swift */; };
		3CB548312BC1EF7100283BF1 /* RegisterVC.swift in Sources */ = {isa = PBXBuildFile; fileRef = 3CB548302BC1EF7100283BF1 /* RegisterVC.swift */; };
		3CBCF4422BB9EDC5007A75F1 /* LoginViewModel.swift in Sources */ = {isa = PBXBuildFile; fileRef = 3CBCF4412BB9EDC5007A75F1 /* LoginViewModel.swift */; };
		3CC7CCEF2BF10FAB0020EB6E /* ContainerVC.swift in Sources */ = {isa = PBXBuildFile; fileRef = 3CC7CCEE2BF10FAB0020EB6E /* ContainerVC.swift */; };
		3CC7CCF12BF10FE30020EB6E /* ChatsVC.swift in Sources */ = {isa = PBXBuildFile; fileRef = 3CC7CCF02BF10FE30020EB6E /* ChatsVC.swift */; };
		3CC7CCF32BF1113A0020EB6E /* MessageVC.swift in Sources */ = {isa = PBXBuildFile; fileRef = 3CC7CCF22BF1113A0020EB6E /* MessageVC.swift */; };
		3CC8E9122C0B38B1003DAFE4 /* Message.swift in Sources */ = {isa = PBXBuildFile; fileRef = 3CC8E9112C0B38B1003DAFE4 /* Message.swift */; };
		3CCB6A352BF927FA00343FDC /* User.swift in Sources */ = {isa = PBXBuildFile; fileRef = 3CCB6A342BF927FA00343FDC /* User.swift */; };
		3CCB6A382BF9298D00343FDC /* Service.swift in Sources */ = {isa = PBXBuildFile; fileRef = 3CCB6A372BF9298D00343FDC /* Service.swift */; };
		3CF203702BFD225C005C0D18 /* ChatInputView.swift in Sources */ = {isa = PBXBuildFile; fileRef = 3CF2036F2BFD225C005C0D18 /* ChatInputView.swift */; };
		3CFA7BCF2BB217A2000DA8F2 /* AppDelegate.swift in Sources */ = {isa = PBXBuildFile; fileRef = 3CFA7BCE2BB217A2000DA8F2 /* AppDelegate.swift */; };
		3CFA7BD12BB217A2000DA8F2 /* SceneDelegate.swift in Sources */ = {isa = PBXBuildFile; fileRef = 3CFA7BD02BB217A2000DA8F2 /* SceneDelegate.swift */; };
		3CFA7BD32BB217A2000DA8F2 /* LoginVC.swift in Sources */ = {isa = PBXBuildFile; fileRef = 3CFA7BD22BB217A2000DA8F2 /* LoginVC.swift */; };
		3CFA7BD62BB217A2000DA8F2 /* Main.storyboard in Resources */ = {isa = PBXBuildFile; fileRef = 3CFA7BD42BB217A2000DA8F2 /* Main.storyboard */; };
		3CFA7BD82BB217A4000DA8F2 /* Assets.xcassets in Resources */ = {isa = PBXBuildFile; fileRef = 3CFA7BD72BB217A4000DA8F2 /* Assets.xcassets */; };
		3CFA7BDB2BB217A4000DA8F2 /* LaunchScreen.storyboard in Resources */ = {isa = PBXBuildFile; fileRef = 3CFA7BD92BB217A4000DA8F2 /* LaunchScreen.storyboard */; };
/* End PBXBuildFile section */

/* Begin PBXFileReference section */
		3C0460462BFB4AF400300139 /* ChatVC.swift */ = {isa = PBXFileReference; lastKnownFileType = sourcecode.swift; path = ChatVC.swift; sourceTree = "<group>"; };
		3C196CD22BD1919300C866F8 /* AuthenticationService.swift */ = {isa = PBXFileReference; lastKnownFileType = sourcecode.swift; path = AuthenticationService.swift; sourceTree = "<group>"; };
		3C2BAD162C050A4100E7D17B /* MessageCell.swift */ = {isa = PBXFileReference; lastKnownFileType = sourcecode.swift; path = MessageCell.swift; sourceTree = "<group>"; };
		3C4528112BB4AF8D001C7047 /* Extension.swift */ = {isa = PBXFileReference; lastKnownFileType = sourcecode.swift; path = Extension.swift; sourceTree = "<group>"; };
		3C5166862BCD31E200D0B852 /* GoogleService-Info.plist */ = {isa = PBXFileReference; fileEncoding = 4; lastKnownFileType = text.plist.xml; path = "GoogleService-Info.plist"; sourceTree = "<group>"; };
		3C52AC122BB5B6440012C1F6 /* AuthenticationView.swift */ = {isa = PBXFileReference; lastKnownFileType = sourcecode.swift; path = AuthenticationView.swift; sourceTree = "<group>"; };
		3C52AC162BB5BBAC0012C1F6 /* CustomTextField.swift */ = {isa = PBXFileReference; lastKnownFileType = sourcecode.swift; path = CustomTextField.swift; sourceTree = "<group>"; };
		3C7BE6C02BCBE9480096E5A0 /* RegisterViewModel .swift */ = {isa = PBXFileReference; lastKnownFileType = sourcecode.swift; path = "RegisterViewModel .swift"; sourceTree = "<group>"; };
		3C7C3F8E2BF76E7C00E5752D /* UserCell.swift */ = {isa = PBXFileReference; lastKnownFileType = sourcecode.swift; path = UserCell.swift; sourceTree = "<group>"; };
		3C8263552BD91CC1004068C0 /* HomeVC.swift */ = {isa = PBXFileReference; lastKnownFileType = sourcecode.swift; path = HomeVC.swift; sourceTree = "<group>"; };
		3CB548302BC1EF7100283BF1 /* RegisterVC.swift */ = {isa = PBXFileReference; lastKnownFileType = sourcecode.swift; path = RegisterVC.swift; sourceTree = "<group>"; };
		3CBCF4412BB9EDC5007A75F1 /* LoginViewModel.swift */ = {isa = PBXFileReference; lastKnownFileType = sourcecode.swift; path = LoginViewModel.swift; sourceTree = "<group>"; };
		3CC7CCEE2BF10FAB0020EB6E /* ContainerVC.swift */ = {isa = PBXFileReference; lastKnownFileType = sourcecode.swift; path = ContainerVC.swift; sourceTree = "<group>"; };
		3CC7CCF02BF10FE30020EB6E /* ChatsVC.swift */ = {isa = PBXFileReference; lastKnownFileType = sourcecode.swift; path = ChatsVC.swift; sourceTree = "<group>"; };
		3CC7CCF22BF1113A0020EB6E /* MessageVC.swift */ = {isa = PBXFileReference; lastKnownFileType = sourcecode.swift; path = MessageVC.swift; sourceTree = "<group>"; };
		3CC8E9112C0B38B1003DAFE4 /* Message.swift */ = {isa = PBXFileReference; lastKnownFileType = sourcecode.swift; path = Message.swift; sourceTree = "<group>"; };
		3CCB6A342BF927FA00343FDC /* User.swift */ = {isa = PBXFileReference; lastKnownFileType = sourcecode.swift; path = User.swift; sourceTree = "<group>"; };
		3CCB6A372BF9298D00343FDC /* Service.swift */ = {isa = PBXFileReference; lastKnownFileType = sourcecode.swift; path = Service.swift; sourceTree = "<group>"; };
		3CF2036F2BFD225C005C0D18 /* ChatInputView.swift */ = {isa = PBXFileReference; lastKnownFileType = sourcecode.swift; path = ChatInputView.swift; sourceTree = "<group>"; };
		3CFA7BCB2BB217A2000DA8F2 /* Let's Communicate.app */ = {isa = PBXFileReference; explicitFileType = wrapper.application; includeInIndex = 0; path = "Let's Communicate.app"; sourceTree = BUILT_PRODUCTS_DIR; };
		3CFA7BCE2BB217A2000DA8F2 /* AppDelegate.swift */ = {isa = PBXFileReference; lastKnownFileType = sourcecode.swift; path = AppDelegate.swift; sourceTree = "<group>"; };
		3CFA7BD02BB217A2000DA8F2 /* SceneDelegate.swift */ = {isa = PBXFileReference; lastKnownFileType = sourcecode.swift; path = SceneDelegate.swift; sourceTree = "<group>"; };
		3CFA7BD22BB217A2000DA8F2 /* LoginVC.swift */ = {isa = PBXFileReference; lastKnownFileType = sourcecode.swift; path = LoginVC.swift; sourceTree = "<group>"; };
		3CFA7BD52BB217A2000DA8F2 /* Base */ = {isa = PBXFileReference; lastKnownFileType = file.storyboard; name = Base; path = Base.lproj/Main.storyboard; sourceTree = "<group>"; };
		3CFA7BD72BB217A4000DA8F2 /* Assets.xcassets */ = {isa = PBXFileReference; lastKnownFileType = folder.assetcatalog; path = Assets.xcassets; sourceTree = "<group>"; };
		3CFA7BDA2BB217A4000DA8F2 /* Base */ = {isa = PBXFileReference; lastKnownFileType = file.storyboard; name = Base; path = Base.lproj/LaunchScreen.storyboard; sourceTree = "<group>"; };
		3CFA7BDC2BB217A4000DA8F2 /* Info.plist */ = {isa = PBXFileReference; lastKnownFileType = text.plist.xml; path = Info.plist; sourceTree = "<group>"; };
/* End PBXFileReference section */

/* Begin PBXFrameworksBuildPhase section */
		3CFA7BC82BB217A2000DA8F2 /* Frameworks */ = {
			isa = PBXFrameworksBuildPhase;
			buildActionMask = 2147483647;
			files = (
				3C51669C2BCD34DF00D0B852 /* FirebaseDatabase in Frameworks */,
				3C5166AA2BCD34DF00D0B852 /* FirebaseFunctionsCombine-Community in Frameworks */,
				3C5166A22BCD34DF00D0B852 /* FirebaseFirestore in Frameworks */,
				3C51668E2BCD34DF00D0B852 /* FirebaseAnalyticsSwift in Frameworks */,
				3C51668A2BCD34DF00D0B852 /* FirebaseAnalytics in Frameworks */,
				3C51668C2BCD34DF00D0B852 /* FirebaseAnalyticsOnDeviceConversion in Frameworks */,
				3C5166B22BCD34DF00D0B852 /* FirebaseMLModelDownloader in Frameworks */,
				3C60FC6C2BFA90E000665624 /* SDWebImage in Frameworks */,
				3C5166A62BCD34DF00D0B852 /* FirebaseFirestoreSwift in Frameworks */,
				3C3B48982BDC4158009EA582 /* JGProgressHUD in Frameworks */,
				3C5166922BCD34DF00D0B852 /* FirebaseAppCheck in Frameworks */,
				3C5166902BCD34DF00D0B852 /* FirebaseAnalyticsWithoutAdIdSupport in Frameworks */,
				3C5166962BCD34DF00D0B852 /* FirebaseAuth in Frameworks */,
				3C51669A2BCD34DF00D0B852 /* FirebaseCrashlytics in Frameworks */,
				3C5166BA2BCD34DF00D0B852 /* FirebaseRemoteConfigSwift in Frameworks */,
				3C5166AC2BCD34DF00D0B852 /* FirebaseInAppMessaging-Beta in Frameworks */,
				3C60FC6E2BFA90E000665624 /* SDWebImageMapKit in Frameworks */,
				3C51669E2BCD34DF00D0B852 /* FirebaseDatabaseSwift in Frameworks */,
				3C5166A82BCD34DF00D0B852 /* FirebaseFunctions in Frameworks */,
				3C5166BE2BCD34DF00D0B852 /* FirebaseStorageCombine-Community in Frameworks */,
				3C5166B82BCD34DF00D0B852 /* FirebaseRemoteConfig in Frameworks */,
				3C5166942BCD34DF00D0B852 /* FirebaseAppDistribution-Beta in Frameworks */,
				3C5166982BCD34DF00D0B852 /* FirebaseAuthCombine-Community in Frameworks */,
				3C5166B62BCD34DF00D0B852 /* FirebasePerformance in Frameworks */,
				3C5166AE2BCD34DF00D0B852 /* FirebaseInAppMessagingSwift-Beta in Frameworks */,
				3C5166BC2BCD34DF00D0B852 /* FirebaseStorage in Frameworks */,
				3C5166A02BCD34DF00D0B852 /* FirebaseDynamicLinks in Frameworks */,
				3C5166A42BCD34DF00D0B852 /* FirebaseFirestoreCombine-Community in Frameworks */,
				3C5166B42BCD34DF00D0B852 /* FirebaseMessaging in Frameworks */,
				3C5166B02BCD34DF00D0B852 /* FirebaseInstallations in Frameworks */,
			);
			runOnlyForDeploymentPostprocessing = 0;
		};
/* End PBXFrameworksBuildPhase section */

/* Begin PBXGroup section */
		3C4528052BB4A632001C7047 /* Files */ = {
			isa = PBXGroup;
			children = (
				3CFA7BCE2BB217A2000DA8F2 /* AppDelegate.swift */,
				3CFA7BD02BB217A2000DA8F2 /* SceneDelegate.swift */,
				3CFA7BD42BB217A2000DA8F2 /* Main.storyboard */,
				3CFA7BD72BB217A4000DA8F2 /* Assets.xcassets */,
				3CFA7BD92BB217A4000DA8F2 /* LaunchScreen.storyboard */,
				3CFA7BDC2BB217A4000DA8F2 /* Info.plist */,
				3C5166862BCD31E200D0B852 /* GoogleService-Info.plist */,
			);
			name = Files;
			sourceTree = "<group>";
		};
		3C45280B2BB4A7C8001C7047 /* Controller */ = {
			isa = PBXGroup;
			children = (
				3CFA7BD22BB217A2000DA8F2 /* LoginVC.swift */,
				3CB548302BC1EF7100283BF1 /* RegisterVC.swift */,
				3C8263552BD91CC1004068C0 /* HomeVC.swift */,
				3CC7CCEE2BF10FAB0020EB6E /* ContainerVC.swift */,
				3CC7CCF02BF10FE30020EB6E /* ChatsVC.swift */,
				3CC7CCF22BF1113A0020EB6E /* MessageVC.swift */,
				3C0460462BFB4AF400300139 /* ChatVC.swift */,
			);
			name = Controller;
			sourceTree = "<group>";
		};
		3C45280C2BB4A7DE001C7047 /* View */ = {
			isa = PBXGroup;
			children = (
				3C52AC122BB5B6440012C1F6 /* AuthenticationView.swift */,
				3C52AC162BB5BBAC0012C1F6 /* CustomTextField.swift */,
				3C7C3F8E2BF76E7C00E5752D /* UserCell.swift */,
				3CF2036F2BFD225C005C0D18 /* ChatInputView.swift */,
				3C2BAD162C050A4100E7D17B /* MessageCell.swift */,
			);
			name = View;
			sourceTree = "<group>";
		};
		3C45280D2BB4A7EC001C7047 /* ViewModel */ = {
			isa = PBXGroup;
			children = (
				3CBCF4412BB9EDC5007A75F1 /* LoginViewModel.swift */,
				3C7BE6C02BCBE9480096E5A0 /* RegisterViewModel .swift */,
			);
			name = ViewModel;
			sourceTree = "<group>";
		};
		3C45280E2BB4A7FD001C7047 /* Model */ = {
			isa = PBXGroup;
			children = (
				3CCB6A342BF927FA00343FDC /* User.swift */,
				3CC8E9112C0B38B1003DAFE4 /* Message.swift */,
			);
			name = Model;
			sourceTree = "<group>";
		};
		3C45280F2BB4A825001C7047 /* Service */ = {
			isa = PBXGroup;
			children = (
				3C196CD22BD1919300C866F8 /* AuthenticationService.swift */,
				3CCB6A372BF9298D00343FDC /* Service.swift */,
			);
			name = Service;
			sourceTree = "<group>";
		};
		3C4528102BB4A831001C7047 /* Helpers */ = {
			isa = PBXGroup;
			children = (
				3C4528112BB4AF8D001C7047 /* Extension.swift */,
			);
			name = Helpers;
			sourceTree = "<group>";
		};
		3CFA7BC22BB217A2000DA8F2 = {
			isa = PBXGroup;
			children = (
				3CFA7BCD2BB217A2000DA8F2 /* Let's Communicate */,
				3CFA7BCC2BB217A2000DA8F2 /* Products */,
			);
			sourceTree = "<group>";
		};
		3CFA7BCC2BB217A2000DA8F2 /* Products */ = {
			isa = PBXGroup;
			children = (
				3CFA7BCB2BB217A2000DA8F2 /* Let's Communicate.app */,
			);
			name = Products;
			sourceTree = "<group>";
		};
		3CFA7BCD2BB217A2000DA8F2 /* Let's Communicate */ = {
			isa = PBXGroup;
			children = (
				3C4528102BB4A831001C7047 /* Helpers */,
				3C45280F2BB4A825001C7047 /* Service */,
				3C45280E2BB4A7FD001C7047 /* Model */,
				3C45280D2BB4A7EC001C7047 /* ViewModel */,
				3C45280C2BB4A7DE001C7047 /* View */,
				3C45280B2BB4A7C8001C7047 /* Controller */,
				3C4528052BB4A632001C7047 /* Files */,
			);
			path = "Let's Communicate";
			sourceTree = "<group>";
		};
/* End PBXGroup section */

/* Begin PBXNativeTarget section */
		3CFA7BCA2BB217A2000DA8F2 /* Let's Communicate */ = {
			isa = PBXNativeTarget;
			buildConfigurationList = 3CFA7BDF2BB217A4000DA8F2 /* Build configuration list for PBXNativeTarget "Let's Communicate" */;
			buildPhases = (
				3CFA7BC72BB217A2000DA8F2 /* Sources */,
				3CFA7BC82BB217A2000DA8F2 /* Frameworks */,
				3CFA7BC92BB217A2000DA8F2 /* Resources */,
			);
			buildRules = (
			);
			dependencies = (
			);
			name = "Let's Communicate";
			packageProductDependencies = (
				3C5166892BCD34DF00D0B852 /* FirebaseAnalytics */,
				3C51668B2BCD34DF00D0B852 /* FirebaseAnalyticsOnDeviceConversion */,
				3C51668D2BCD34DF00D0B852 /* FirebaseAnalyticsSwift */,
				3C51668F2BCD34DF00D0B852 /* FirebaseAnalyticsWithoutAdIdSupport */,
				3C5166912BCD34DF00D0B852 /* FirebaseAppCheck */,
				3C5166932BCD34DF00D0B852 /* FirebaseAppDistribution-Beta */,
				3C5166952BCD34DF00D0B852 /* FirebaseAuth */,
				3C5166972BCD34DF00D0B852 /* FirebaseAuthCombine-Community */,
				3C5166992BCD34DF00D0B852 /* FirebaseCrashlytics */,
				3C51669B2BCD34DF00D0B852 /* FirebaseDatabase */,
				3C51669D2BCD34DF00D0B852 /* FirebaseDatabaseSwift */,
				3C51669F2BCD34DF00D0B852 /* FirebaseDynamicLinks */,
				3C5166A12BCD34DF00D0B852 /* FirebaseFirestore */,
				3C5166A32BCD34DF00D0B852 /* FirebaseFirestoreCombine-Community */,
				3C5166A52BCD34DF00D0B852 /* FirebaseFirestoreSwift */,
				3C5166A72BCD34DF00D0B852 /* FirebaseFunctions */,
				3C5166A92BCD34DF00D0B852 /* FirebaseFunctionsCombine-Community */,
				3C5166AB2BCD34DF00D0B852 /* FirebaseInAppMessaging-Beta */,
				3C5166AD2BCD34DF00D0B852 /* FirebaseInAppMessagingSwift-Beta */,
				3C5166AF2BCD34DF00D0B852 /* FirebaseInstallations */,
				3C5166B12BCD34DF00D0B852 /* FirebaseMLModelDownloader */,
				3C5166B32BCD34DF00D0B852 /* FirebaseMessaging */,
				3C5166B52BCD34DF00D0B852 /* FirebasePerformance */,
				3C5166B72BCD34DF00D0B852 /* FirebaseRemoteConfig */,
				3C5166B92BCD34DF00D0B852 /* FirebaseRemoteConfigSwift */,
				3C5166BB2BCD34DF00D0B852 /* FirebaseStorage */,
				3C5166BD2BCD34DF00D0B852 /* FirebaseStorageCombine-Community */,
				3C3B48972BDC4158009EA582 /* JGProgressHUD */,
				3C60FC6B2BFA90E000665624 /* SDWebImage */,
				3C60FC6D2BFA90E000665624 /* SDWebImageMapKit */,
			);
			productName = "Let's Communicate";
			productReference = 3CFA7BCB2BB217A2000DA8F2 /* Let's Communicate.app */;
			productType = "com.apple.product-type.application";
		};
/* End PBXNativeTarget section */

/* Begin PBXProject section */
		3CFA7BC32BB217A2000DA8F2 /* Project object */ = {
			isa = PBXProject;
			attributes = {
				BuildIndependentTargetsInParallel = 1;
				LastSwiftUpdateCheck = 1520;
				LastUpgradeCheck = 1520;
				TargetAttributes = {
					3CFA7BCA2BB217A2000DA8F2 = {
						CreatedOnToolsVersion = 15.2;
					};
				};
			};
			buildConfigurationList = 3CFA7BC62BB217A2000DA8F2 /* Build configuration list for PBXProject "Let's Communicate" */;
			compatibilityVersion = "Xcode 14.0";
			developmentRegion = en;
			hasScannedForEncodings = 0;
			knownRegions = (
				en,
				Base,
			);
			mainGroup = 3CFA7BC22BB217A2000DA8F2;
			packageReferences = (
				3C5166882BCD34DF00D0B852 /* XCRemoteSwiftPackageReference "firebase-ios-sdk" */,
				3C3B48962BDC4158009EA582 /* XCRemoteSwiftPackageReference "JGProgressHUD" */,
				3C60FC6A2BFA90E000665624 /* XCRemoteSwiftPackageReference "SDWebImage" */,
			);
			productRefGroup = 3CFA7BCC2BB217A2000DA8F2 /* Products */;
			projectDirPath = "";
			projectRoot = "";
			targets = (
				3CFA7BCA2BB217A2000DA8F2 /* Let's Communicate */,
			);
		};
/* End PBXProject section */

/* Begin PBXResourcesBuildPhase section */
		3CFA7BC92BB217A2000DA8F2 /* Resources */ = {
			isa = PBXResourcesBuildPhase;
			buildActionMask = 2147483647;
			files = (
				3CFA7BDB2BB217A4000DA8F2 /* LaunchScreen.storyboard in Resources */,
				3C5166872BCD31E200D0B852 /* GoogleService-Info.plist in Resources */,
				3CFA7BD82BB217A4000DA8F2 /* Assets.xcassets in Resources */,
				3CFA7BD62BB217A2000DA8F2 /* Main.storyboard in Resources */,
			);
			runOnlyForDeploymentPostprocessing = 0;
		};
/* End PBXResourcesBuildPhase section */

/* Begin PBXSourcesBuildPhase section */
		3CFA7BC72BB217A2000DA8F2 /* Sources */ = {
			isa = PBXSourcesBuildPhase;
			buildActionMask = 2147483647;
			files = (
				3CC7CCEF2BF10FAB0020EB6E /* ContainerVC.swift in Sources */,
				3C2BAD172C050A4100E7D17B /* MessageCell.swift in Sources */,
				3CFA7BD32BB217A2000DA8F2 /* LoginVC.swift in Sources */,
				3C0460472BFB4AF400300139 /* ChatVC.swift in Sources */,
				3CFA7BCF2BB217A2000DA8F2 /* AppDelegate.swift in Sources */,
				3C52AC172BB5BBAC0012C1F6 /* CustomTextField.swift in Sources */,
				3CC8E9122C0B38B1003DAFE4 /* Message.swift in Sources */,
				3CCB6A352BF927FA00343FDC /* User.swift in Sources */,
				3CC7CCF32BF1113A0020EB6E /* MessageVC.swift in Sources */,
				3CC7CCF12BF10FE30020EB6E /* ChatsVC.swift in Sources */,
				3CBCF4422BB9EDC5007A75F1 /* LoginViewModel.swift in Sources */,
				3CFA7BD12BB217A2000DA8F2 /* SceneDelegate.swift in Sources */,
				3C7C3F8F2BF76E7C00E5752D /* UserCell.swift in Sources */,
				3CB548312BC1EF7100283BF1 /* RegisterVC.swift in Sources */,
				3CCB6A382BF9298D00343FDC /* Service.swift in Sources */,
				3C4528122BB4AF8D001C7047 /* Extension.swift in Sources */,
				3C7BE6C12BCBE9480096E5A0 /* RegisterViewModel .swift in Sources */,
				3C52AC132BB5B6440012C1F6 /* AuthenticationView.swift in Sources */,
				3C8263562BD91CC1004068C0 /* HomeVC.swift in Sources */,
				3CF203702BFD225C005C0D18 /* ChatInputView.swift in Sources */,
				3C196CD32BD1919300C866F8 /* AuthenticationService.swift in Sources */,
			);
			runOnlyForDeploymentPostprocessing = 0;
		};
/* End PBXSourcesBuildPhase section */

/* Begin PBXVariantGroup section */
		3CFA7BD42BB217A2000DA8F2 /* Main.storyboard */ = {
			isa = PBXVariantGroup;
			children = (
				3CFA7BD52BB217A2000DA8F2 /* Base */,
			);
			name = Main.storyboard;
			sourceTree = "<group>";
		};
		3CFA7BD92BB217A4000DA8F2 /* LaunchScreen.storyboard */ = {
			isa = PBXVariantGroup;
			children = (
				3CFA7BDA2BB217A4000DA8F2 /* Base */,
			);
			name = LaunchScreen.storyboard;
			sourceTree = "<group>";
		};
/* End PBXVariantGroup section */

/* Begin XCBuildConfiguration section */
		3CFA7BDD2BB217A4000DA8F2 /* Debug */ = {
			isa = XCBuildConfiguration;
			buildSettings = {
				ALWAYS_SEARCH_USER_PATHS = NO;
				ASSETCATALOG_COMPILER_GENERATE_SWIFT_ASSET_SYMBOL_EXTENSIONS = YES;
				CLANG_ANALYZER_NONNULL = YES;
				CLANG_ANALYZER_NUMBER_OBJECT_CONVERSION = YES_AGGRESSIVE;
				CLANG_CXX_LANGUAGE_STANDARD = "gnu++20";
				CLANG_ENABLE_MODULES = YES;
				CLANG_ENABLE_OBJC_ARC = YES;
				CLANG_ENABLE_OBJC_WEAK = YES;
				CLANG_WARN_BLOCK_CAPTURE_AUTORELEASING = YES;
				CLANG_WARN_BOOL_CONVERSION = YES;
				CLANG_WARN_COMMA = YES;
				CLANG_WARN_CONSTANT_CONVERSION = YES;
				CLANG_WARN_DEPRECATED_OBJC_IMPLEMENTATIONS = YES;
				CLANG_WARN_DIRECT_OBJC_ISA_USAGE = YES_ERROR;
				CLANG_WARN_DOCUMENTATION_COMMENTS = YES;
				CLANG_WARN_EMPTY_BODY = YES;
				CLANG_WARN_ENUM_CONVERSION = YES;
				CLANG_WARN_INFINITE_RECURSION = YES;
				CLANG_WARN_INT_CONVERSION = YES;
				CLANG_WARN_NON_LITERAL_NULL_CONVERSION = YES;
				CLANG_WARN_OBJC_IMPLICIT_RETAIN_SELF = YES;
				CLANG_WARN_OBJC_LITERAL_CONVERSION = YES;
				CLANG_WARN_OBJC_ROOT_CLASS = YES_ERROR;
				CLANG_WARN_QUOTED_INCLUDE_IN_FRAMEWORK_HEADER = YES;
				CLANG_WARN_RANGE_LOOP_ANALYSIS = YES;
				CLANG_WARN_STRICT_PROTOTYPES = YES;
				CLANG_WARN_SUSPICIOUS_MOVE = YES;
				CLANG_WARN_UNGUARDED_AVAILABILITY = YES_AGGRESSIVE;
				CLANG_WARN_UNREACHABLE_CODE = YES;
				CLANG_WARN__DUPLICATE_METHOD_MATCH = YES;
				COPY_PHASE_STRIP = NO;
				DEBUG_INFORMATION_FORMAT = dwarf;
				ENABLE_STRICT_OBJC_MSGSEND = YES;
				ENABLE_TESTABILITY = YES;
				ENABLE_USER_SCRIPT_SANDBOXING = YES;
				GCC_C_LANGUAGE_STANDARD = gnu17;
				GCC_DYNAMIC_NO_PIC = NO;
				GCC_NO_COMMON_BLOCKS = YES;
				GCC_OPTIMIZATION_LEVEL = 0;
				GCC_PREPROCESSOR_DEFINITIONS = (
					"DEBUG=1",
					"$(inherited)",
				);
				GCC_WARN_64_TO_32_BIT_CONVERSION = YES;
				GCC_WARN_ABOUT_RETURN_TYPE = YES_ERROR;
				GCC_WARN_UNDECLARED_SELECTOR = YES;
				GCC_WARN_UNINITIALIZED_AUTOS = YES_AGGRESSIVE;
				GCC_WARN_UNUSED_FUNCTION = YES;
				GCC_WARN_UNUSED_VARIABLE = YES;
				IPHONEOS_DEPLOYMENT_TARGET = 17.2;
				LOCALIZATION_PREFERS_STRING_CATALOGS = YES;
				MTL_ENABLE_DEBUG_INFO = INCLUDE_SOURCE;
				MTL_FAST_MATH = YES;
				ONLY_ACTIVE_ARCH = YES;
				SDKROOT = iphoneos;
				SWIFT_ACTIVE_COMPILATION_CONDITIONS = "DEBUG $(inherited)";
				SWIFT_OPTIMIZATION_LEVEL = "-Onone";
			};
			name = Debug;
		};
		3CFA7BDE2BB217A4000DA8F2 /* Release */ = {
			isa = XCBuildConfiguration;
			buildSettings = {
				ALWAYS_SEARCH_USER_PATHS = NO;
				ASSETCATALOG_COMPILER_GENERATE_SWIFT_ASSET_SYMBOL_EXTENSIONS = YES;
				CLANG_ANALYZER_NONNULL = YES;
				CLANG_ANALYZER_NUMBER_OBJECT_CONVERSION = YES_AGGRESSIVE;
				CLANG_CXX_LANGUAGE_STANDARD = "gnu++20";
				CLANG_ENABLE_MODULES = YES;
				CLANG_ENABLE_OBJC_ARC = YES;
				CLANG_ENABLE_OBJC_WEAK = YES;
				CLANG_WARN_BLOCK_CAPTURE_AUTORELEASING = YES;
				CLANG_WARN_BOOL_CONVERSION = YES;
				CLANG_WARN_COMMA = YES;
				CLANG_WARN_CONSTANT_CONVERSION = YES;
				CLANG_WARN_DEPRECATED_OBJC_IMPLEMENTATIONS = YES;
				CLANG_WARN_DIRECT_OBJC_ISA_USAGE = YES_ERROR;
				CLANG_WARN_DOCUMENTATION_COMMENTS = YES;
				CLANG_WARN_EMPTY_BODY = YES;
				CLANG_WARN_ENUM_CONVERSION = YES;
				CLANG_WARN_INFINITE_RECURSION = YES;
				CLANG_WARN_INT_CONVERSION = YES;
				CLANG_WARN_NON_LITERAL_NULL_CONVERSION = YES;
				CLANG_WARN_OBJC_IMPLICIT_RETAIN_SELF = YES;
				CLANG_WARN_OBJC_LITERAL_CONVERSION = YES;
				CLANG_WARN_OBJC_ROOT_CLASS = YES_ERROR;
				CLANG_WARN_QUOTED_INCLUDE_IN_FRAMEWORK_HEADER = YES;
				CLANG_WARN_RANGE_LOOP_ANALYSIS = YES;
				CLANG_WARN_STRICT_PROTOTYPES = YES;
				CLANG_WARN_SUSPICIOUS_MOVE = YES;
				CLANG_WARN_UNGUARDED_AVAILABILITY = YES_AGGRESSIVE;
				CLANG_WARN_UNREACHABLE_CODE = YES;
				CLANG_WARN__DUPLICATE_METHOD_MATCH = YES;
				COPY_PHASE_STRIP = NO;
				DEBUG_INFORMATION_FORMAT = "dwarf-with-dsym";
				ENABLE_NS_ASSERTIONS = NO;
				ENABLE_STRICT_OBJC_MSGSEND = YES;
				ENABLE_USER_SCRIPT_SANDBOXING = YES;
				GCC_C_LANGUAGE_STANDARD = gnu17;
				GCC_NO_COMMON_BLOCKS = YES;
				GCC_WARN_64_TO_32_BIT_CONVERSION = YES;
				GCC_WARN_ABOUT_RETURN_TYPE = YES_ERROR;
				GCC_WARN_UNDECLARED_SELECTOR = YES;
				GCC_WARN_UNINITIALIZED_AUTOS = YES_AGGRESSIVE;
				GCC_WARN_UNUSED_FUNCTION = YES;
				GCC_WARN_UNUSED_VARIABLE = YES;
				IPHONEOS_DEPLOYMENT_TARGET = 17.2;
				LOCALIZATION_PREFERS_STRING_CATALOGS = YES;
				MTL_ENABLE_DEBUG_INFO = NO;
				MTL_FAST_MATH = YES;
				SDKROOT = iphoneos;
				SWIFT_COMPILATION_MODE = wholemodule;
				VALIDATE_PRODUCT = YES;
			};
			name = Release;
		};
		3CFA7BE02BB217A4000DA8F2 /* Debug */ = {
			isa = XCBuildConfiguration;
			buildSettings = {
				ASSETCATALOG_COMPILER_APPICON_NAME = AppIcon;
				ASSETCATALOG_COMPILER_GLOBAL_ACCENT_COLOR_NAME = AccentColor;
				CODE_SIGN_STYLE = Automatic;
				CURRENT_PROJECT_VERSION = 1;
				DEVELOPMENT_TEAM = PYS8QL65F7;
				GENERATE_INFOPLIST_FILE = YES;
				INFOPLIST_FILE = "Let's Communicate/Info.plist";
				INFOPLIST_KEY_UIApplicationSupportsIndirectInputEvents = YES;
				INFOPLIST_KEY_UILaunchStoryboardName = LaunchScreen;
				INFOPLIST_KEY_UIMainStoryboardFile = Main;
				INFOPLIST_KEY_UISupportedInterfaceOrientations_iPad = "UIInterfaceOrientationPortrait UIInterfaceOrientationPortraitUpsideDown UIInterfaceOrientationLandscapeLeft UIInterfaceOrientationLandscapeRight";
				INFOPLIST_KEY_UISupportedInterfaceOrientations_iPhone = "UIInterfaceOrientationPortrait UIInterfaceOrientationLandscapeLeft UIInterfaceOrientationLandscapeRight";
				LD_RUNPATH_SEARCH_PATHS = (
					"$(inherited)",
					"@executable_path/Frameworks",
				);
				MARKETING_VERSION = 1.0;
				PRODUCT_BUNDLE_IDENTIFIER = "com.azimgunes.Let-s-Communicate";
				PRODUCT_NAME = "$(TARGET_NAME)";
				SWIFT_EMIT_LOC_STRINGS = YES;
				SWIFT_VERSION = 5.0;
				TARGETED_DEVICE_FAMILY = "1,2";
			};
			name = Debug;
		};
		3CFA7BE12BB217A4000DA8F2 /* Release */ = {
			isa = XCBuildConfiguration;
			buildSettings = {
				ASSETCATALOG_COMPILER_APPICON_NAME = AppIcon;
				ASSETCATALOG_COMPILER_GLOBAL_ACCENT_COLOR_NAME = AccentColor;
				CODE_SIGN_STYLE = Automatic;
				CURRENT_PROJECT_VERSION = 1;
				DEVELOPMENT_TEAM = PYS8QL65F7;
				GENERATE_INFOPLIST_FILE = YES;
				INFOPLIST_FILE = "Let's Communicate/Info.plist";
				INFOPLIST_KEY_UIApplicationSupportsIndirectInputEvents = YES;
				INFOPLIST_KEY_UILaunchStoryboardName = LaunchScreen;
				INFOPLIST_KEY_UIMainStoryboardFile = Main;
				INFOPLIST_KEY_UISupportedInterfaceOrientations_iPad = "UIInterfaceOrientationPortrait UIInterfaceOrientationPortraitUpsideDown UIInterfaceOrientationLandscapeLeft UIInterfaceOrientationLandscapeRight";
				INFOPLIST_KEY_UISupportedInterfaceOrientations_iPhone = "UIInterfaceOrientationPortrait UIInterfaceOrientationLandscapeLeft UIInterfaceOrientationLandscapeRight";
				LD_RUNPATH_SEARCH_PATHS = (
					"$(inherited)",
					"@executable_path/Frameworks",
				);
				MARKETING_VERSION = 1.0;
				PRODUCT_BUNDLE_IDENTIFIER = "com.azimgunes.Let-s-Communicate";
				PRODUCT_NAME = "$(TARGET_NAME)";
				SWIFT_EMIT_LOC_STRINGS = YES;
				SWIFT_VERSION = 5.0;
				TARGETED_DEVICE_FAMILY = "1,2";
			};
			name = Release;
		};
/* End XCBuildConfiguration section */

/* Begin XCConfigurationList section */
		3CFA7BC62BB217A2000DA8F2 /* Build configuration list for PBXProject "Let's Communicate" */ = {
			isa = XCConfigurationList;
			buildConfigurations = (
				3CFA7BDD2BB217A4000DA8F2 /* Debug */,
				3CFA7BDE2BB217A4000DA8F2 /* Release */,
			);
			defaultConfigurationIsVisible = 0;
			defaultConfigurationName = Release;
		};
		3CFA7BDF2BB217A4000DA8F2 /* Build configuration list for PBXNativeTarget "Let's Communicate" */ = {
			isa = XCConfigurationList;
			buildConfigurations = (
				3CFA7BE02BB217A4000DA8F2 /* Debug */,
				3CFA7BE12BB217A4000DA8F2 /* Release */,
			);
			defaultConfigurationIsVisible = 0;
			defaultConfigurationName = Release;
		};
/* End XCConfigurationList section */

/* Begin XCRemoteSwiftPackageReference section */
		3C3B48962BDC4158009EA582 /* XCRemoteSwiftPackageReference "JGProgressHUD" */ = {
			isa = XCRemoteSwiftPackageReference;
			repositoryURL = "https://github.com/JonasGessner/JGProgressHUD.git";
			requirement = {
				kind = upToNextMajorVersion;
				minimumVersion = 2.2.0;
			};
		};
		3C5166882BCD34DF00D0B852 /* XCRemoteSwiftPackageReference "firebase-ios-sdk" */ = {
			isa = XCRemoteSwiftPackageReference;
			repositoryURL = "https://github.com/firebase/firebase-ios-sdk";
			requirement = {
				kind = upToNextMajorVersion;
				minimumVersion = 10.24.0;
			};
		};
		3C60FC6A2BFA90E000665624 /* XCRemoteSwiftPackageReference "SDWebImage" */ = {
			isa = XCRemoteSwiftPackageReference;
			repositoryURL = "https://github.com/SDWebImage/SDWebImage.git";
			requirement = {
				kind = upToNextMajorVersion;
				minimumVersion = 5.19.2;
			};
		};
/* End XCRemoteSwiftPackageReference section */

/* Begin XCSwiftPackageProductDependency section */
		3C3B48972BDC4158009EA582 /* JGProgressHUD */ = {
			isa = XCSwiftPackageProductDependency;
			package = 3C3B48962BDC4158009EA582 /* XCRemoteSwiftPackageReference "JGProgressHUD" */;
			productName = JGProgressHUD;
		};
		3C5166892BCD34DF00D0B852 /* FirebaseAnalytics */ = {
			isa = XCSwiftPackageProductDependency;
			package = 3C5166882BCD34DF00D0B852 /* XCRemoteSwiftPackageReference "firebase-ios-sdk" */;
			productName = FirebaseAnalytics;
		};
		3C51668B2BCD34DF00D0B852 /* FirebaseAnalyticsOnDeviceConversion */ = {
			isa = XCSwiftPackageProductDependency;
			package = 3C5166882BCD34DF00D0B852 /* XCRemoteSwiftPackageReference "firebase-ios-sdk" */;
			productName = FirebaseAnalyticsOnDeviceConversion;
		};
		3C51668D2BCD34DF00D0B852 /* FirebaseAnalyticsSwift */ = {
			isa = XCSwiftPackageProductDependency;
			package = 3C5166882BCD34DF00D0B852 /* XCRemoteSwiftPackageReference "firebase-ios-sdk" */;
			productName = FirebaseAnalyticsSwift;
		};
		3C51668F2BCD34DF00D0B852 /* FirebaseAnalyticsWithoutAdIdSupport */ = {
			isa = XCSwiftPackageProductDependency;
			package = 3C5166882BCD34DF00D0B852 /* XCRemoteSwiftPackageReference "firebase-ios-sdk" */;
			productName = FirebaseAnalyticsWithoutAdIdSupport;
		};
		3C5166912BCD34DF00D0B852 /* FirebaseAppCheck */ = {
			isa = XCSwiftPackageProductDependency;
			package = 3C5166882BCD34DF00D0B852 /* XCRemoteSwiftPackageReference "firebase-ios-sdk" */;
			productName = FirebaseAppCheck;
		};
		3C5166932BCD34DF00D0B852 /* FirebaseAppDistribution-Beta */ = {
			isa = XCSwiftPackageProductDependency;
			package = 3C5166882BCD34DF00D0B852 /* XCRemoteSwiftPackageReference "firebase-ios-sdk" */;
			productName = "FirebaseAppDistribution-Beta";
		};
		3C5166952BCD34DF00D0B852 /* FirebaseAuth */ = {
			isa = XCSwiftPackageProductDependency;
			package = 3C5166882BCD34DF00D0B852 /* XCRemoteSwiftPackageReference "firebase-ios-sdk" */;
			productName = FirebaseAuth;
		};
		3C5166972BCD34DF00D0B852 /* FirebaseAuthCombine-Community */ = {
			isa = XCSwiftPackageProductDependency;
			package = 3C5166882BCD34DF00D0B852 /* XCRemoteSwiftPackageReference "firebase-ios-sdk" */;
			productName = "FirebaseAuthCombine-Community";
		};
		3C5166992BCD34DF00D0B852 /* FirebaseCrashlytics */ = {
			isa = XCSwiftPackageProductDependency;
			package = 3C5166882BCD34DF00D0B852 /* XCRemoteSwiftPackageReference "firebase-ios-sdk" */;
			productName = FirebaseCrashlytics;
		};
		3C51669B2BCD34DF00D0B852 /* FirebaseDatabase */ = {
			isa = XCSwiftPackageProductDependency;
			package = 3C5166882BCD34DF00D0B852 /* XCRemoteSwiftPackageReference "firebase-ios-sdk" */;
			productName = FirebaseDatabase;
		};
		3C51669D2BCD34DF00D0B852 /* FirebaseDatabaseSwift */ = {
			isa = XCSwiftPackageProductDependency;
			package = 3C5166882BCD34DF00D0B852 /* XCRemoteSwiftPackageReference "firebase-ios-sdk" */;
			productName = FirebaseDatabaseSwift;
		};
		3C51669F2BCD34DF00D0B852 /* FirebaseDynamicLinks */ = {
			isa = XCSwiftPackageProductDependency;
			package = 3C5166882BCD34DF00D0B852 /* XCRemoteSwiftPackageReference "firebase-ios-sdk" */;
			productName = FirebaseDynamicLinks;
		};
		3C5166A12BCD34DF00D0B852 /* FirebaseFirestore */ = {
			isa = XCSwiftPackageProductDependency;
			package = 3C5166882BCD34DF00D0B852 /* XCRemoteSwiftPackageReference "firebase-ios-sdk" */;
			productName = FirebaseFirestore;
		};
		3C5166A32BCD34DF00D0B852 /* FirebaseFirestoreCombine-Community */ = {
			isa = XCSwiftPackageProductDependency;
			package = 3C5166882BCD34DF00D0B852 /* XCRemoteSwiftPackageReference "firebase-ios-sdk" */;
			productName = "FirebaseFirestoreCombine-Community";
		};
		3C5166A52BCD34DF00D0B852 /* FirebaseFirestoreSwift */ = {
			isa = XCSwiftPackageProductDependency;
			package = 3C5166882BCD34DF00D0B852 /* XCRemoteSwiftPackageReference "firebase-ios-sdk" */;
			productName = FirebaseFirestoreSwift;
		};
		3C5166A72BCD34DF00D0B852 /* FirebaseFunctions */ = {
			isa = XCSwiftPackageProductDependency;
			package = 3C5166882BCD34DF00D0B852 /* XCRemoteSwiftPackageReference "firebase-ios-sdk" */;
			productName = FirebaseFunctions;
		};
		3C5166A92BCD34DF00D0B852 /* FirebaseFunctionsCombine-Community */ = {
			isa = XCSwiftPackageProductDependency;
			package = 3C5166882BCD34DF00D0B852 /* XCRemoteSwiftPackageReference "firebase-ios-sdk" */;
			productName = "FirebaseFunctionsCombine-Community";
		};
		3C5166AB2BCD34DF00D0B852 /* FirebaseInAppMessaging-Beta */ = {
			isa = XCSwiftPackageProductDependency;
			package = 3C5166882BCD34DF00D0B852 /* XCRemoteSwiftPackageReference "firebase-ios-sdk" */;
			productName = "FirebaseInAppMessaging-Beta";
		};
		3C5166AD2BCD34DF00D0B852 /* FirebaseInAppMessagingSwift-Beta */ = {
			isa = XCSwiftPackageProductDependency;
			package = 3C5166882BCD34DF00D0B852 /* XCRemoteSwiftPackageReference "firebase-ios-sdk" */;
			productName = "FirebaseInAppMessagingSwift-Beta";
		};
		3C5166AF2BCD34DF00D0B852 /* FirebaseInstallations */ = {
			isa = XCSwiftPackageProductDependency;
			package = 3C5166882BCD34DF00D0B852 /* XCRemoteSwiftPackageReference "firebase-ios-sdk" */;
			productName = FirebaseInstallations;
		};
		3C5166B12BCD34DF00D0B852 /* FirebaseMLModelDownloader */ = {
			isa = XCSwiftPackageProductDependency;
			package = 3C5166882BCD34DF00D0B852 /* XCRemoteSwiftPackageReference "firebase-ios-sdk" */;
			productName = FirebaseMLModelDownloader;
		};
		3C5166B32BCD34DF00D0B852 /* FirebaseMessaging */ = {
			isa = XCSwiftPackageProductDependency;
			package = 3C5166882BCD34DF00D0B852 /* XCRemoteSwiftPackageReference "firebase-ios-sdk" */;
			productName = FirebaseMessaging;
		};
		3C5166B52BCD34DF00D0B852 /* FirebasePerformance */ = {
			isa = XCSwiftPackageProductDependency;
			package = 3C5166882BCD34DF00D0B852 /* XCRemoteSwiftPackageReference "firebase-ios-sdk" */;
			productName = FirebasePerformance;
		};
		3C5166B72BCD34DF00D0B852 /* FirebaseRemoteConfig */ = {
			isa = XCSwiftPackageProductDependency;
			package = 3C5166882BCD34DF00D0B852 /* XCRemoteSwiftPackageReference "firebase-ios-sdk" */;
			productName = FirebaseRemoteConfig;
		};
		3C5166B92BCD34DF00D0B852 /* FirebaseRemoteConfigSwift */ = {
			isa = XCSwiftPackageProductDependency;
			package = 3C5166882BCD34DF00D0B852 /* XCRemoteSwiftPackageReference "firebase-ios-sdk" */;
			productName = FirebaseRemoteConfigSwift;
		};
		3C5166BB2BCD34DF00D0B852 /* FirebaseStorage */ = {
			isa = XCSwiftPackageProductDependency;
			package = 3C5166882BCD34DF00D0B852 /* XCRemoteSwiftPackageReference "firebase-ios-sdk" */;
			productName = FirebaseStorage;
		};
		3C5166BD2BCD34DF00D0B852 /* FirebaseStorageCombine-Community */ = {
			isa = XCSwiftPackageProductDependency;
			package = 3C5166882BCD34DF00D0B852 /* XCRemoteSwiftPackageReference "firebase-ios-sdk" */;
			productName = "FirebaseStorageCombine-Community";
		};
		3C60FC6B2BFA90E000665624 /* SDWebImage */ = {
			isa = XCSwiftPackageProductDependency;
			package = 3C60FC6A2BFA90E000665624 /* XCRemoteSwiftPackageReference "SDWebImage" */;
			productName = SDWebImage;
		};
		3C60FC6D2BFA90E000665624 /* SDWebImageMapKit */ = {
			isa = XCSwiftPackageProductDependency;
			package = 3C60FC6A2BFA90E000665624 /* XCRemoteSwiftPackageReference "SDWebImage" */;
			productName = SDWebImageMapKit;
		};
/* End XCSwiftPackageProductDependency section */
	};
	rootObject = 3CFA7BC32BB217A2000DA8F2 /* Project object */;
}
