// !$*UTF8*$!
{
	archiveVersion = 1;
	classes = {
	};
	objectVersion = 56;
	objects = {

/* Begin PBXBuildFile section */
		3C4528122BB4AF8D001C7047 /* Extension.swift in Sources */ = {isa = PBXBuildFile; fileRef = 3C4528112BB4AF8D001C7047 /* Extension.swift */; };
		3C52AC132BB5B6440012C1F6 /* AuthenticationView.swift in Sources */ = {isa = PBXBuildFile; fileRef = 3C52AC122BB5B6440012C1F6 /* AuthenticationView.swift */; };
		3C52AC172BB5BBAC0012C1F6 /* EmailTextField.swift in Sources */ = {isa = PBXBuildFile; fileRef = 3C52AC162BB5BBAC0012C1F6 /* EmailTextField.swift */; };
		3C9B6F7B2BB73AF900236B0F /* PasswordTextField.swift in Sources */ = {isa = PBXBuildFile; fileRef = 3C9B6F7A2BB73AF900236B0F /* PasswordTextField.swift */; };
		3CBCF4422BB9EDC5007A75F1 /* LoginViewModel.swift in Sources */ = {isa = PBXBuildFile; fileRef = 3CBCF4412BB9EDC5007A75F1 /* LoginViewModel.swift */; };
		3CFA7BCF2BB217A2000DA8F2 /* AppDelegate.swift in Sources */ = {isa = PBXBuildFile; fileRef = 3CFA7BCE2BB217A2000DA8F2 /* AppDelegate.swift */; };
		3CFA7BD12BB217A2000DA8F2 /* SceneDelegate.swift in Sources */ = {isa = PBXBuildFile; fileRef = 3CFA7BD02BB217A2000DA8F2 /* SceneDelegate.swift */; };
		3CFA7BD32BB217A2000DA8F2 /* LoginVC.swift in Sources */ = {isa = PBXBuildFile; fileRef = 3CFA7BD22BB217A2000DA8F2 /* LoginVC.swift */; };
		3CFA7BD62BB217A2000DA8F2 /* Main.storyboard in Resources */ = {isa = PBXBuildFile; fileRef = 3CFA7BD42BB217A2000DA8F2 /* Main.storyboard */; };
		3CFA7BD82BB217A4000DA8F2 /* Assets.xcassets in Resources */ = {isa = PBXBuildFile; fileRef = 3CFA7BD72BB217A4000DA8F2 /* Assets.xcassets */; };
		3CFA7BDB2BB217A4000DA8F2 /* LaunchScreen.storyboard in Resources */ = {isa = PBXBuildFile; fileRef = 3CFA7BD92BB217A4000DA8F2 /* LaunchScreen.storyboard */; };
/* End PBXBuildFile section */

/* Begin PBXFileReference section */
		3C4528112BB4AF8D001C7047 /* Extension.swift */ = {isa = PBXFileReference; lastKnownFileType = sourcecode.swift; path = Extension.swift; sourceTree = "<group>"; };
		3C52AC122BB5B6440012C1F6 /* AuthenticationView.swift */ = {isa = PBXFileReference; lastKnownFileType = sourcecode.swift; path = AuthenticationView.swift; sourceTree = "<group>"; };
		3C52AC162BB5BBAC0012C1F6 /* EmailTextField.swift */ = {isa = PBXFileReference; lastKnownFileType = sourcecode.swift; path = EmailTextField.swift; sourceTree = "<group>"; };
		3C9B6F7A2BB73AF900236B0F /* PasswordTextField.swift */ = {isa = PBXFileReference; lastKnownFileType = sourcecode.swift; path = PasswordTextField.swift; sourceTree = "<group>"; };
		3CBCF4412BB9EDC5007A75F1 /* LoginViewModel.swift */ = {isa = PBXFileReference; lastKnownFileType = sourcecode.swift; path = LoginViewModel.swift; sourceTree = "<group>"; };
		3CFA7BCB2BB217A2000DA8F2 /* Let's Communicate.app */ = {isa = PBXFileReference; explicitFileType = wrapper.application; includeInIndex = 0; path = "Let's Communicate.app"; sourceTree = BUILT_PRODUCTS_DIR; };
		3CFA7BCE2BB217A2000DA8F2 /* AppDelegate.swift */ = {isa = PBXFileReference; lastKnownFileType = sourcecode.swift; path = AppDelegate.swift; sourceTree = "<group>"; };
		3CFA7BD02BB217A2000DA8F2 /* SceneDelegate.swift */ = {isa = PBXFileReference; lastKnownFileType = sourcecode.swift; path = SceneDelegate.swift; sourceTree = "<group>"; };
		3CFA7BD22BB217A2000DA8F2 /* LoginVC.swift */ = {isa = PBXFileReference; lastKnownFileType = sourcecode.swift; path = LoginVC.swift; sourceTree = "<group>"; };
		3CFA7BD52BB217A2000DA8F2 /* Base */ = {isa = PBXFileReference; lastKnownFileType = file.storyboard; name = Base; path = Base.lproj/Main.storyboard; sourceTree = "<group>"; };
		3CFA7BD72BB217A4000DA8F2 /* Assets.xcassets */ = {isa = PBXFileReference; lastKnownFileType = folder.assetcatalog; path = Assets.xcassets; sourceTree = "<group>"; };
		3CFA7BDA2BB217A4000DA8F2 /* Base */ = {isa = PBXFileReference; lastKnownFileType = file.storyboard; name = Base; path = Base.lproj/LaunchScreen.storyboard; sourceTree = "<group>"; };
		3CFA7BDC2BB217A4000DA8F2 /* Info.plist */ = {isa = PBXFileReference; lastKnownFileType = text.plist.xml; path = Info.plist; sourceTree = "<group>"; };
/* End PBXFileReference section */

/* Begin PBXFrameworksBuildPhase section */
		3CFA7BC82BB217A2000DA8F2 /* Frameworks */ = {
			isa = PBXFrameworksBuildPhase;
			buildActionMask = 2147483647;
			files = (
			);
			runOnlyForDeploymentPostprocessing = 0;
		};
/* End PBXFrameworksBuildPhase section */

/* Begin PBXGroup section */
		3C4528052BB4A632001C7047 /* Files */ = {
			isa = PBXGroup;
			children = (
				3CFA7BCE2BB217A2000DA8F2 /* AppDelegate.swift */,
				3CFA7BD02BB217A2000DA8F2 /* SceneDelegate.swift */,
				3CFA7BD42BB217A2000DA8F2 /* Main.storyboard */,
				3CFA7BD72BB217A4000DA8F2 /* Assets.xcassets */,
				3CFA7BD92BB217A4000DA8F2 /* LaunchScreen.storyboard */,
				3CFA7BDC2BB217A4000DA8F2 /* Info.plist */,
			);
			name = Files;
			sourceTree = "<group>";
		};
		3C45280B2BB4A7C8001C7047 /* Controller */ = {
			isa = PBXGroup;
			children = (
				3CFA7BD22BB217A2000DA8F2 /* LoginVC.swift */,
			);
			name = Controller;
			sourceTree = "<group>";
		};
		3C45280C2BB4A7DE001C7047 /* View */ = {
			isa = PBXGroup;
			children = (
				3C52AC122BB5B6440012C1F6 /* AuthenticationView.swift */,
				3C52AC162BB5BBAC0012C1F6 /* EmailTextField.swift */,
				3C9B6F7A2BB73AF900236B0F /* PasswordTextField.swift */,
			);
			name = View;
			sourceTree = "<group>";
		};
		3C45280D2BB4A7EC001C7047 /* ViewModel */ = {
			isa = PBXGroup;
			children = (
				3CBCF4412BB9EDC5007A75F1 /* LoginViewModel.swift */,
			);
			name = ViewModel;
			sourceTree = "<group>";
		};
		3C45280E2BB4A7FD001C7047 /* Model */ = {
			isa = PBXGroup;
			children = (
			);
			name = Model;
			sourceTree = "<group>";
		};
		3C45280F2BB4A825001C7047 /* Service */ = {
			isa = PBXGroup;
			children = (
			);
			name = Service;
			sourceTree = "<group>";
		};
		3C4528102BB4A831001C7047 /* Helpers */ = {
			isa = PBXGroup;
			children = (
				3C4528112BB4AF8D001C7047 /* Extension.swift */,
			);
			name = Helpers;
			sourceTree = "<group>";
		};
		3CFA7BC22BB217A2000DA8F2 = {
			isa = PBXGroup;
			children = (
				3CFA7BCD2BB217A2000DA8F2 /* Let's Communicate */,
				3CFA7BCC2BB217A2000DA8F2 /* Products */,
			);
			sourceTree = "<group>";
		};
		3CFA7BCC2BB217A2000DA8F2 /* Products */ = {
			isa = PBXGroup;
			children = (
				3CFA7BCB2BB217A2000DA8F2 /* Let's Communicate.app */,
			);
			name = Products;
			sourceTree = "<group>";
		};
		3CFA7BCD2BB217A2000DA8F2 /* Let's Communicate */ = {
			isa = PBXGroup;
			children = (
				3C4528102BB4A831001C7047 /* Helpers */,
				3C45280F2BB4A825001C7047 /* Service */,
				3C45280E2BB4A7FD001C7047 /* Model */,
				3C45280D2BB4A7EC001C7047 /* ViewModel */,
				3C45280C2BB4A7DE001C7047 /* View */,
				3C45280B2BB4A7C8001C7047 /* Controller */,
				3C4528052BB4A632001C7047 /* Files */,
			);
			path = "Let's Communicate";
			sourceTree = "<group>";
		};
/* End PBXGroup section */

/* Begin PBXNativeTarget section */
		3CFA7BCA2BB217A2000DA8F2 /* Let's Communicate */ = {
			isa = PBXNativeTarget;
			buildConfigurationList = 3CFA7BDF2BB217A4000DA8F2 /* Build configuration list for PBXNativeTarget "Let's Communicate" */;
			buildPhases = (
				3CFA7BC72BB217A2000DA8F2 /* Sources */,
				3CFA7BC82BB217A2000DA8F2 /* Frameworks */,
				3CFA7BC92BB217A2000DA8F2 /* Resources */,
			);
			buildRules = (
			);
			dependencies = (
			);
			name = "Let's Communicate";
			productName = "Let's Communicate";
			productReference = 3CFA7BCB2BB217A2000DA8F2 /* Let's Communicate.app */;
			productType = "com.apple.product-type.application";
		};
/* End PBXNativeTarget section */

/* Begin PBXProject section */
		3CFA7BC32BB217A2000DA8F2 /* Project object */ = {
			isa = PBXProject;
			attributes = {
				BuildIndependentTargetsInParallel = 1;
				LastSwiftUpdateCheck = 1520;
				LastUpgradeCheck = 1520;
				TargetAttributes = {
					3CFA7BCA2BB217A2000DA8F2 = {
						CreatedOnToolsVersion = 15.2;
					};
				};
			};
			buildConfigurationList = 3CFA7BC62BB217A2000DA8F2 /* Build configuration list for PBXProject "Let's Communicate" */;
			compatibilityVersion = "Xcode 14.0";
			developmentRegion = en;
			hasScannedForEncodings = 0;
			knownRegions = (
				en,
				Base,
			);
			mainGroup = 3CFA7BC22BB217A2000DA8F2;
			productRefGroup = 3CFA7BCC2BB217A2000DA8F2 /* Products */;
			projectDirPath = "";
			projectRoot = "";
			targets = (
				3CFA7BCA2BB217A2000DA8F2 /* Let's Communicate */,
			);
		};
/* End PBXProject section */

/* Begin PBXResourcesBuildPhase section */
		3CFA7BC92BB217A2000DA8F2 /* Resources */ = {
			isa = PBXResourcesBuildPhase;
			buildActionMask = 2147483647;
			files = (
				3CFA7BDB2BB217A4000DA8F2 /* LaunchScreen.storyboard in Resources */,
				3CFA7BD82BB217A4000DA8F2 /* Assets.xcassets in Resources */,
				3CFA7BD62BB217A2000DA8F2 /* Main.storyboard in Resources */,
			);
			runOnlyForDeploymentPostprocessing = 0;
		};
/* End PBXResourcesBuildPhase section */

/* Begin PBXSourcesBuildPhase section */
		3CFA7BC72BB217A2000DA8F2 /* Sources */ = {
			isa = PBXSourcesBuildPhase;
			buildActionMask = 2147483647;
			files = (
				3CFA7BD32BB217A2000DA8F2 /* LoginVC.swift in Sources */,
				3CFA7BCF2BB217A2000DA8F2 /* AppDelegate.swift in Sources */,
				3C9B6F7B2BB73AF900236B0F /* PasswordTextField.swift in Sources */,
				3C52AC172BB5BBAC0012C1F6 /* EmailTextField.swift in Sources */,
				3CBCF4422BB9EDC5007A75F1 /* LoginViewModel.swift in Sources */,
				3CFA7BD12BB217A2000DA8F2 /* SceneDelegate.swift in Sources */,
				3C4528122BB4AF8D001C7047 /* Extension.swift in Sources */,
				3C52AC132BB5B6440012C1F6 /* AuthenticationView.swift in Sources */,
			);
			runOnlyForDeploymentPostprocessing = 0;
		};
/* End PBXSourcesBuildPhase section */

/* Begin PBXVariantGroup section */
		3CFA7BD42BB217A2000DA8F2 /* Main.storyboard */ = {
			isa = PBXVariantGroup;
			children = (
				3CFA7BD52BB217A2000DA8F2 /* Base */,
			);
			name = Main.storyboard;
			sourceTree = "<group>";
		};
		3CFA7BD92BB217A4000DA8F2 /* LaunchScreen.storyboard */ = {
			isa = PBXVariantGroup;
			children = (
				3CFA7BDA2BB217A4000DA8F2 /* Base */,
			);
			name = LaunchScreen.storyboard;
			sourceTree = "<group>";
		};
/* End PBXVariantGroup section */

/* Begin XCBuildConfiguration section */
		3CFA7BDD2BB217A4000DA8F2 /* Debug */ = {
			isa = XCBuildConfiguration;
			buildSettings = {
				ALWAYS_SEARCH_USER_PATHS = NO;
				ASSETCATALOG_COMPILER_GENERATE_SWIFT_ASSET_SYMBOL_EXTENSIONS = YES;
				CLANG_ANALYZER_NONNULL = YES;
				CLANG_ANALYZER_NUMBER_OBJECT_CONVERSION = YES_AGGRESSIVE;
				CLANG_CXX_LANGUAGE_STANDARD = "gnu++20";
				CLANG_ENABLE_MODULES = YES;
				CLANG_ENABLE_OBJC_ARC = YES;
				CLANG_ENABLE_OBJC_WEAK = YES;
				CLANG_WARN_BLOCK_CAPTURE_AUTORELEASING = YES;
				CLANG_WARN_BOOL_CONVERSION = YES;
				CLANG_WARN_COMMA = YES;
				CLANG_WARN_CONSTANT_CONVERSION = YES;
				CLANG_WARN_DEPRECATED_OBJC_IMPLEMENTATIONS = YES;
				CLANG_WARN_DIRECT_OBJC_ISA_USAGE = YES_ERROR;
				CLANG_WARN_DOCUMENTATION_COMMENTS = YES;
				CLANG_WARN_EMPTY_BODY = YES;
				CLANG_WARN_ENUM_CONVERSION = YES;
				CLANG_WARN_INFINITE_RECURSION = YES;
				CLANG_WARN_INT_CONVERSION = YES;
				CLANG_WARN_NON_LITERAL_NULL_CONVERSION = YES;
				CLANG_WARN_OBJC_IMPLICIT_RETAIN_SELF = YES;
				CLANG_WARN_OBJC_LITERAL_CONVERSION = YES;
				CLANG_WARN_OBJC_ROOT_CLASS = YES_ERROR;
				CLANG_WARN_QUOTED_INCLUDE_IN_FRAMEWORK_HEADER = YES;
				CLANG_WARN_RANGE_LOOP_ANALYSIS = YES;
				CLANG_WARN_STRICT_PROTOTYPES = YES;
				CLANG_WARN_SUSPICIOUS_MOVE = YES;
				CLANG_WARN_UNGUARDED_AVAILABILITY = YES_AGGRESSIVE;
				CLANG_WARN_UNREACHABLE_CODE = YES;
				CLANG_WARN__DUPLICATE_METHOD_MATCH = YES;
				COPY_PHASE_STRIP = NO;
				DEBUG_INFORMATION_FORMAT = dwarf;
				ENABLE_STRICT_OBJC_MSGSEND = YES;
				ENABLE_TESTABILITY = YES;
				ENABLE_USER_SCRIPT_SANDBOXING = YES;
				GCC_C_LANGUAGE_STANDARD = gnu17;
				GCC_DYNAMIC_NO_PIC = NO;
				GCC_NO_COMMON_BLOCKS = YES;
				GCC_OPTIMIZATION_LEVEL = 0;
				GCC_PREPROCESSOR_DEFINITIONS = (
					"DEBUG=1",
					"$(inherited)",
				);
				GCC_WARN_64_TO_32_BIT_CONVERSION = YES;
				GCC_WARN_ABOUT_RETURN_TYPE = YES_ERROR;
				GCC_WARN_UNDECLARED_SELECTOR = YES;
				GCC_WARN_UNINITIALIZED_AUTOS = YES_AGGRESSIVE;
				GCC_WARN_UNUSED_FUNCTION = YES;
				GCC_WARN_UNUSED_VARIABLE = YES;
				IPHONEOS_DEPLOYMENT_TARGET = 17.2;
				LOCALIZATION_PREFERS_STRING_CATALOGS = YES;
				MTL_ENABLE_DEBUG_INFO = INCLUDE_SOURCE;
				MTL_FAST_MATH = YES;
				ONLY_ACTIVE_ARCH = YES;
				SDKROOT = iphoneos;
				SWIFT_ACTIVE_COMPILATION_CONDITIONS = "DEBUG $(inherited)";
				SWIFT_OPTIMIZATION_LEVEL = "-Onone";
			};
			name = Debug;
		};
		3CFA7BDE2BB217A4000DA8F2 /* Release */ = {
			isa = XCBuildConfiguration;
			buildSettings = {
				ALWAYS_SEARCH_USER_PATHS = NO;
				ASSETCATALOG_COMPILER_GENERATE_SWIFT_ASSET_SYMBOL_EXTENSIONS = YES;
				CLANG_ANALYZER_NONNULL = YES;
				CLANG_ANALYZER_NUMBER_OBJECT_CONVERSION = YES_AGGRESSIVE;
				CLANG_CXX_LANGUAGE_STANDARD = "gnu++20";
				CLANG_ENABLE_MODULES = YES;
				CLANG_ENABLE_OBJC_ARC = YES;
				CLANG_ENABLE_OBJC_WEAK = YES;
				CLANG_WARN_BLOCK_CAPTURE_AUTORELEASING = YES;
				CLANG_WARN_BOOL_CONVERSION = YES;
				CLANG_WARN_COMMA = YES;
				CLANG_WARN_CONSTANT_CONVERSION = YES;
				CLANG_WARN_DEPRECATED_OBJC_IMPLEMENTATIONS = YES;
				CLANG_WARN_DIRECT_OBJC_ISA_USAGE = YES_ERROR;
				CLANG_WARN_DOCUMENTATION_COMMENTS = YES;
				CLANG_WARN_EMPTY_BODY = YES;
				CLANG_WARN_ENUM_CONVERSION = YES;
				CLANG_WARN_INFINITE_RECURSION = YES;
				CLANG_WARN_INT_CONVERSION = YES;
				CLANG_WARN_NON_LITERAL_NULL_CONVERSION = YES;
				CLANG_WARN_OBJC_IMPLICIT_RETAIN_SELF = YES;
				CLANG_WARN_OBJC_LITERAL_CONVERSION = YES;
				CLANG_WARN_OBJC_ROOT_CLASS = YES_ERROR;
				CLANG_WARN_QUOTED_INCLUDE_IN_FRAMEWORK_HEADER = YES;
				CLANG_WARN_RANGE_LOOP_ANALYSIS = YES;
				CLANG_WARN_STRICT_PROTOTYPES = YES;
				CLANG_WARN_SUSPICIOUS_MOVE = YES;
				CLANG_WARN_UNGUARDED_AVAILABILITY = YES_AGGRESSIVE;
				CLANG_WARN_UNREACHABLE_CODE = YES;
				CLANG_WARN__DUPLICATE_METHOD_MATCH = YES;
				COPY_PHASE_STRIP = NO;
				DEBUG_INFORMATION_FORMAT = "dwarf-with-dsym";
				ENABLE_NS_ASSERTIONS = NO;
				ENABLE_STRICT_OBJC_MSGSEND = YES;
				ENABLE_USER_SCRIPT_SANDBOXING = YES;
				GCC_C_LANGUAGE_STANDARD = gnu17;
				GCC_NO_COMMON_BLOCKS = YES;
				GCC_WARN_64_TO_32_BIT_CONVERSION = YES;
				GCC_WARN_ABOUT_RETURN_TYPE = YES_ERROR;
				GCC_WARN_UNDECLARED_SELECTOR = YES;
				GCC_WARN_UNINITIALIZED_AUTOS = YES_AGGRESSIVE;
				GCC_WARN_UNUSED_FUNCTION = YES;
				GCC_WARN_UNUSED_VARIABLE = YES;
				IPHONEOS_DEPLOYMENT_TARGET = 17.2;
				LOCALIZATION_PREFERS_STRING_CATALOGS = YES;
				MTL_ENABLE_DEBUG_INFO = NO;
				MTL_FAST_MATH = YES;
				SDKROOT = iphoneos;
				SWIFT_COMPILATION_MODE = wholemodule;
				VALIDATE_PRODUCT = YES;
			};
			name = Release;
		};
		3CFA7BE02BB217A4000DA8F2 /* Debug */ = {
			isa = XCBuildConfiguration;
			buildSettings = {
				ASSETCATALOG_COMPILER_APPICON_NAME = AppIcon;
				ASSETCATALOG_COMPILER_GLOBAL_ACCENT_COLOR_NAME = AccentColor;
				CODE_SIGN_STYLE = Automatic;
				CURRENT_PROJECT_VERSION = 1;
				DEVELOPMENT_TEAM = PYS8QL65F7;
				GENERATE_INFOPLIST_FILE = YES;
				INFOPLIST_FILE = "Let's Communicate/Info.plist";
				INFOPLIST_KEY_UIApplicationSupportsIndirectInputEvents = YES;
				INFOPLIST_KEY_UILaunchStoryboardName = LaunchScreen;
				INFOPLIST_KEY_UIMainStoryboardFile = Main;
				INFOPLIST_KEY_UISupportedInterfaceOrientations_iPad = "UIInterfaceOrientationPortrait UIInterfaceOrientationPortraitUpsideDown UIInterfaceOrientationLandscapeLeft UIInterfaceOrientationLandscapeRight";
				INFOPLIST_KEY_UISupportedInterfaceOrientations_iPhone = "UIInterfaceOrientationPortrait UIInterfaceOrientationLandscapeLeft UIInterfaceOrientationLandscapeRight";
				LD_RUNPATH_SEARCH_PATHS = (
					"$(inherited)",
					"@executable_path/Frameworks",
				);
				MARKETING_VERSION = 1.0;
				PRODUCT_BUNDLE_IDENTIFIER = "com.azimgunes.Let-s-Communicate";
				PRODUCT_NAME = "$(TARGET_NAME)";
				SWIFT_EMIT_LOC_STRINGS = YES;
				SWIFT_VERSION = 5.0;
				TARGETED_DEVICE_FAMILY = "1,2";
			};
			name = Debug;
		};
		3CFA7BE12BB217A4000DA8F2 /* Release */ = {
			isa = XCBuildConfiguration;
			buildSettings = {
				ASSETCATALOG_COMPILER_APPICON_NAME = AppIcon;
				ASSETCATALOG_COMPILER_GLOBAL_ACCENT_COLOR_NAME = AccentColor;
				CODE_SIGN_STYLE = Automatic;
				CURRENT_PROJECT_VERSION = 1;
				DEVELOPMENT_TEAM = PYS8QL65F7;
				GENERATE_INFOPLIST_FILE = YES;
				INFOPLIST_FILE = "Let's Communicate/Info.plist";
				INFOPLIST_KEY_UIApplicationSupportsIndirectInputEvents = YES;
				INFOPLIST_KEY_UILaunchStoryboardName = LaunchScreen;
				INFOPLIST_KEY_UIMainStoryboardFile = Main;
				INFOPLIST_KEY_UISupportedInterfaceOrientations_iPad = "UIInterfaceOrientationPortrait UIInterfaceOrientationPortraitUpsideDown UIInterfaceOrientationLandscapeLeft UIInterfaceOrientationLandscapeRight";
				INFOPLIST_KEY_UISupportedInterfaceOrientations_iPhone = "UIInterfaceOrientationPortrait UIInterfaceOrientationLandscapeLeft UIInterfaceOrientationLandscapeRight";
				LD_RUNPATH_SEARCH_PATHS = (
					"$(inherited)",
					"@executable_path/Frameworks",
				);
				MARKETING_VERSION = 1.0;
				PRODUCT_BUNDLE_IDENTIFIER = "com.azimgunes.Let-s-Communicate";
				PRODUCT_NAME = "$(TARGET_NAME)";
				SWIFT_EMIT_LOC_STRINGS = YES;
				SWIFT_VERSION = 5.0;
				TARGETED_DEVICE_FAMILY = "1,2";
			};
			name = Release;
		};
/* End XCBuildConfiguration section */

/* Begin XCConfigurationList section */
		3CFA7BC62BB217A2000DA8F2 /* Build configuration list for PBXProject "Let's Communicate" */ = {
			isa = XCConfigurationList;
			buildConfigurations = (
				3CFA7BDD2BB217A4000DA8F2 /* Debug */,
				3CFA7BDE2BB217A4000DA8F2 /* Release */,
			);
			defaultConfigurationIsVisible = 0;
			defaultConfigurationName = Release;
		};
		3CFA7BDF2BB217A4000DA8F2 /* Build configuration list for PBXNativeTarget "Let's Communicate" */ = {
			isa = XCConfigurationList;
			buildConfigurations = (
				3CFA7BE02BB217A4000DA8F2 /* Debug */,
				3CFA7BE12BB217A4000DA8F2 /* Release */,
			);
			defaultConfigurationIsVisible = 0;
			defaultConfigurationName = Release;
		};
/* End XCConfigurationList section */
	};
	rootObject = 3CFA7BC32BB217A2000DA8F2 /* Project object */;
}
